Microsoft Visual Studio Solution File, Format Version 12.00
# Visual Studio 2012
Project("{FAE04EC0-301F-11D3-BF4B-00C04F79EFBC}") = "LayoutApiSample", "LayoutApiSample\LayoutApiSample.csproj", "{84EBFCDF-2774-455D-B153-FCA3C96CDF0A}"
EndProject
Global
	GlobalSection(SolutionConfigurationPlatforms) = preSolution
		Debug|Any CPU = Debug|Any CPU
		Release|Any CPU = Release|Any CPU
	EndGlobalSection
	GlobalSection(ProjectConfigurationPlatforms) = postSolution
		{84EBFCDF-2774-455D-B153-FCA3C96CDF0A}.Debug|Any CPU.ActiveCfg = Debug|Any CPU
		{84EBFCDF-2774-455D-B153-FCA3C96CDF0A}.Debug|Any CPU.Build.0 = Debug|Any CPU
		{84EBFCDF-2774-455D-B153-FCA3C96CDF0A}.Release|Any CPU.ActiveCfg = Release|Any CPU
		{84EBFCDF-2774-455D-B153-FCA3C96CDF0A}.Release|Any CPU.Build.0 = Release|Any CPU
	EndGlobalSection
	GlobalSection(SolutionProperties) = preSolution
		HideSolutionNode = FALSE
	EndGlobalSection
EndGlobal
